
Microsoft Visual Studio Solution File, Format Version 12.00
# Visual Studio Version 16
VisualStudioVersion = 16.0.32407.337
MinimumVisualStudioVersion = 10.0.40219.1
Project("{FAE04EC0-301F-11D3-BF4B-00C04F79EFBC}") = "SchoolAPIDemo", "SchoolAPIDemo.csproj", "{566CB85B-BF8A-4046-A0FB-C77C1BA0B17C}"
EndProject
Global
	GlobalSection(SolutionConfigurationPlatforms) = preSolution
		Debug|Any CPU = Debug|Any CPU
		Release|Any CPU = Release|Any CPU
	EndGlobalSection
	GlobalSection(ProjectConfigurationPlatforms) = postSolution
		{566CB85B-BF8A-4046-A0FB-C77C1BA0B17C}.Debug|Any CPU.ActiveCfg = Debug|Any CPU
		{566CB85B-BF8A-4046-A0FB-C77C1BA0B17C}.Debug|Any CPU.Build.0 = Debug|Any CPU
		{566CB85B-BF8A-4046-A0FB-C77C1BA0B17C}.Release|Any CPU.ActiveCfg = Release|Any CPU
		{566CB85B-BF8A-4046-A0FB-C77C1BA0B17C}.Release|Any CPU.Build.0 = Release|Any CPU
	EndGlobalSection
	GlobalSection(SolutionProperties) = preSolution
		HideSolutionNode = FALSE
	EndGlobalSection
	GlobalSection(ExtensibilityGlobals) = postSolution
		SolutionGuid = {0A14E3E2-F2E8-4839-AECB-06655617333E}
	EndGlobalSection
EndGlobal
